// !$*UTF8*$!
{
	archiveVersion = 1;
	classes = {
	};
	objectVersion = 56;
	objects = {

/* Begin PBXBuildFile section */
		F04F8AE22BFCB8480049A31B /* PokemonApp.swift in Sources */ = {isa = PBXBuildFile; fileRef = F04F8AE12BFCB8480049A31B /* PokemonApp.swift */; };
		F04F8AE42BFCB8480049A31B /* ContentView.swift in Sources */ = {isa = PBXBuildFile; fileRef = F04F8AE32BFCB8480049A31B /* ContentView.swift */; };
		F04F8AE62BFCB84A0049A31B /* Assets.xcassets in Resources */ = {isa = PBXBuildFile; fileRef = F04F8AE52BFCB84A0049A31B /* Assets.xcassets */; };
		F04F8AEA2BFCB84A0049A31B /* Preview Assets.xcassets in Resources */ = {isa = PBXBuildFile; fileRef = F04F8AE92BFCB84A0049A31B /* Preview Assets.xcassets */; };
		F04F8AF42BFCB84A0049A31B /* PokemonTests.swift in Sources */ = {isa = PBXBuildFile; fileRef = F04F8AF32BFCB84A0049A31B /* PokemonTests.swift */; };
		F04F8AFE2BFCB84A0049A31B /* PokemonUITests.swift in Sources */ = {isa = PBXBuildFile; fileRef = F04F8AFD2BFCB84A0049A31B /* PokemonUITests.swift */; };
		F04F8B002BFCB84A0049A31B /* PokemonUITestsLaunchTests.swift in Sources */ = {isa = PBXBuildFile; fileRef = F04F8AFF2BFCB84A0049A31B /* PokemonUITestsLaunchTests.swift */; };
		F04F8B102BFCC7AB0049A31B /* PokemonVM.swift in Sources */ = {isa = PBXBuildFile; fileRef = F04F8B0F2BFCC7AB0049A31B /* PokemonVM.swift */; };
		F04F8B112BFCC7AB0049A31B /* PokemonVM.swift in Sources */ = {isa = PBXBuildFile; fileRef = F04F8B0F2BFCC7AB0049A31B /* PokemonVM.swift */; };
		F04F8B122BFCC7AB0049A31B /* PokemonVM.swift in Sources */ = {isa = PBXBuildFile; fileRef = F04F8B0F2BFCC7AB0049A31B /* PokemonVM.swift */; };
/* End PBXBuildFile section */

/* Begin PBXContainerItemProxy section */
		F04F8AF02BFCB84A0049A31B /* PBXContainerItemProxy */ = {
			isa = PBXContainerItemProxy;
			containerPortal = F04F8AD62BFCB8480049A31B /* Project object */;
			proxyType = 1;
			remoteGlobalIDString = F04F8ADD2BFCB8480049A31B;
			remoteInfo = Pokemon;
		};
		F04F8AFA2BFCB84A0049A31B /* PBXContainerItemProxy */ = {
			isa = PBXContainerItemProxy;
			containerPortal = F04F8AD62BFCB8480049A31B /* Project object */;
			proxyType = 1;
			remoteGlobalIDString = F04F8ADD2BFCB8480049A31B;
			remoteInfo = Pokemon;
		};
/* End PBXContainerItemProxy section */

/* Begin PBXFileReference section */
		F04F8ADE2BFCB8480049A31B /* Pokemon.app */ = {isa = PBXFileReference; explicitFileType = wrapper.application; includeInIndex = 0; path = Pokemon.app; sourceTree = BUILT_PRODUCTS_DIR; };
		F04F8AE12BFCB8480049A31B /* PokemonApp.swift */ = {isa = PBXFileReference; lastKnownFileType = sourcecode.swift; path = PokemonApp.swift; sourceTree = "<group>"; };
		F04F8AE32BFCB8480049A31B /* ContentView.swift */ = {isa = PBXFileReference; lastKnownFileType = sourcecode.swift; path = ContentView.swift; sourceTree = "<group>"; };
		F04F8AE52BFCB84A0049A31B /* Assets.xcassets */ = {isa = PBXFileReference; lastKnownFileType = folder.assetcatalog; path = Assets.xcassets; sourceTree = "<group>"; };
		F04F8AE72BFCB84A0049A31B /* Pokemon.entitlements */ = {isa = PBXFileReference; lastKnownFileType = text.plist.entitlements; path = Pokemon.entitlements; sourceTree = "<group>"; };
		F04F8AE92BFCB84A0049A31B /* Preview Assets.xcassets */ = {isa = PBXFileReference; lastKnownFileType = folder.assetcatalog; path = "Preview Assets.xcassets"; sourceTree = "<group>"; };
		F04F8AEF2BFCB84A0049A31B /* PokemonTests.xctest */ = {isa = PBXFileReference; explicitFileType = wrapper.cfbundle; includeInIndex = 0; path = PokemonTests.xctest; sourceTree = BUILT_PRODUCTS_DIR; };
		F04F8AF32BFCB84A0049A31B /* PokemonTests.swift */ = {isa = PBXFileReference; lastKnownFileType = sourcecode.swift; path = PokemonTests.swift; sourceTree = "<group>"; };
		F04F8AF92BFCB84A0049A31B /* PokemonUITests.xctest */ = {isa = PBXFileReference; explicitFileType = wrapper.cfbundle; includeInIndex = 0; path = PokemonUITests.xctest; sourceTree = BUILT_PRODUCTS_DIR; };
		F04F8AFD2BFCB84A0049A31B /* PokemonUITests.swift */ = {isa = PBXFileReference; lastKnownFileType = sourcecode.swift; path = PokemonUITests.swift; sourceTree = "<group>"; };
		F04F8AFF2BFCB84A0049A31B /* PokemonUITestsLaunchTests.swift */ = {isa = PBXFileReference; lastKnownFileType = sourcecode.swift; path = PokemonUITestsLaunchTests.swift; sourceTree = "<group>"; };
		F04F8B0F2BFCC7AB0049A31B /* PokemonVM.swift */ = {isa = PBXFileReference; lastKnownFileType = sourcecode.swift; path = PokemonVM.swift; sourceTree = "<group>"; };
/* End PBXFileReference section */

/* Begin PBXFrameworksBuildPhase section */
		F04F8ADB2BFCB8480049A31B /* Frameworks */ = {
			isa = PBXFrameworksBuildPhase;
			buildActionMask = 2147483647;
			files = (
			);
			runOnlyForDeploymentPostprocessing = 0;
		};
		F04F8AEC2BFCB84A0049A31B /* Frameworks */ = {
			isa = PBXFrameworksBuildPhase;
			buildActionMask = 2147483647;
			files = (
			);
			runOnlyForDeploymentPostprocessing = 0;
		};
		F04F8AF62BFCB84A0049A31B /* Frameworks */ = {
			isa = PBXFrameworksBuildPhase;
			buildActionMask = 2147483647;
			files = (
			);
			runOnlyForDeploymentPostprocessing = 0;
		};
/* End PBXFrameworksBuildPhase section */

/* Begin PBXGroup section */
		F04F8AD52BFCB8480049A31B = {
			isa = PBXGroup;
			children = (
				F04F8AE02BFCB8480049A31B /* Pokemon */,
				F04F8AF22BFCB84A0049A31B /* PokemonTests */,
				F04F8AFC2BFCB84A0049A31B /* PokemonUITests */,
				F04F8ADF2BFCB8480049A31B /* Products */,
			);
			sourceTree = "<group>";
		};
		F04F8ADF2BFCB8480049A31B /* Products */ = {
			isa = PBXGroup;
			children = (
				F04F8ADE2BFCB8480049A31B /* Pokemon.app */,
				F04F8AEF2BFCB84A0049A31B /* PokemonTests.xctest */,
				F04F8AF92BFCB84A0049A31B /* PokemonUITests.xctest */,
			);
			name = Products;
			sourceTree = "<group>";
		};
		F04F8AE02BFCB8480049A31B /* Pokemon */ = {
			isa = PBXGroup;
			children = (
				F04F8B0E2BFCC7590049A31B /* Views */,
				F04F8B0D2BFCC74B0049A31B /* ViewModels */,
				F04F8B0C2BFCC7410049A31B /* Networking */,
				F04F8AE12BFCB8480049A31B /* PokemonApp.swift */,
				F04F8AE52BFCB84A0049A31B /* Assets.xcassets */,
				F04F8AE72BFCB84A0049A31B /* Pokemon.entitlements */,
				F04F8AE82BFCB84A0049A31B /* Preview Content */,
			);
			path = Pokemon;
			sourceTree = "<group>";
		};
		F04F8AE82BFCB84A0049A31B /* Preview Content */ = {
			isa = PBXGroup;
			children = (
				F04F8AE92BFCB84A0049A31B /* Preview Assets.xcassets */,
			);
			path = "Preview Content";
			sourceTree = "<group>";
		};
		F04F8AF22BFCB84A0049A31B /* PokemonTests */ = {
			isa = PBXGroup;
			children = (
				F04F8AF32BFCB84A0049A31B /* PokemonTests.swift */,
			);
			path = PokemonTests;
			sourceTree = "<group>";
		};
		F04F8AFC2BFCB84A0049A31B /* PokemonUITests */ = {
			isa = PBXGroup;
			children = (
				F04F8AFD2BFCB84A0049A31B /* PokemonUITests.swift */,
				F04F8AFF2BFCB84A0049A31B /* PokemonUITestsLaunchTests.swift */,
			);
			path = PokemonUITests;
			sourceTree = "<group>";
		};
		F04F8B0C2BFCC7410049A31B /* Networking */ = {
			isa = PBXGroup;
			children = (
			);
			path = Networking;
			sourceTree = "<group>";
		};
		F04F8B0D2BFCC74B0049A31B /* ViewModels */ = {
			isa = PBXGroup;
			children = (
				F04F8B0F2BFCC7AB0049A31B /* PokemonVM.swift */,
			);
			path = ViewModels;
			sourceTree = "<group>";
		};
		F04F8B0E2BFCC7590049A31B /* Views */ = {
			isa = PBXGroup;
			children = (
				F04F8AE32BFCB8480049A31B /* ContentView.swift */,
			);
			path = Views;
			sourceTree = "<group>";
		};
/* End PBXGroup section */

/* Begin PBXNativeTarget section */
		F04F8ADD2BFCB8480049A31B /* Pokemon */ = {
			isa = PBXNativeTarget;
			buildConfigurationList = F04F8B032BFCB84A0049A31B /* Build configuration list for PBXNativeTarget "Pokemon" */;
			buildPhases = (
				F04F8ADA2BFCB8480049A31B /* Sources */,
				F04F8ADB2BFCB8480049A31B /* Frameworks */,
				F04F8ADC2BFCB8480049A31B /* Resources */,
			);
			buildRules = (
			);
			dependencies = (
			);
			name = Pokemon;
			productName = Pokemon;
			productReference = F04F8ADE2BFCB8480049A31B /* Pokemon.app */;
			productType = "com.apple.product-type.application";
		};
		F04F8AEE2BFCB84A0049A31B /* PokemonTests */ = {
			isa = PBXNativeTarget;
			buildConfigurationList = F04F8B062BFCB84A0049A31B /* Build configuration list for PBXNativeTarget "PokemonTests" */;
			buildPhases = (
				F04F8AEB2BFCB84A0049A31B /* Sources */,
				F04F8AEC2BFCB84A0049A31B /* Frameworks */,
				F04F8AED2BFCB84A0049A31B /* Resources */,
			);
			buildRules = (
			);
			dependencies = (
				F04F8AF12BFCB84A0049A31B /* PBXTargetDependency */,
			);
			name = PokemonTests;
			productName = PokemonTests;
			productReference = F04F8AEF2BFCB84A0049A31B /* PokemonTests.xctest */;
			productType = "com.apple.product-type.bundle.unit-test";
		};
		F04F8AF82BFCB84A0049A31B /* PokemonUITests */ = {
			isa = PBXNativeTarget;
			buildConfigurationList = F04F8B092BFCB84A0049A31B /* Build configuration list for PBXNativeTarget "PokemonUITests" */;
			buildPhases = (
				F04F8AF52BFCB84A0049A31B /* Sources */,
				F04F8AF62BFCB84A0049A31B /* Frameworks */,
				F04F8AF72BFCB84A0049A31B /* Resources */,
			);
			buildRules = (
			);
			dependencies = (
				F04F8AFB2BFCB84A0049A31B /* PBXTargetDependency */,
			);
			name = PokemonUITests;
			productName = PokemonUITests;
			productReference = F04F8AF92BFCB84A0049A31B /* PokemonUITests.xctest */;
			productType = "com.apple.product-type.bundle.ui-testing";
		};
/* End PBXNativeTarget section */

/* Begin PBXProject section */
		F04F8AD62BFCB8480049A31B /* Project object */ = {
			isa = PBXProject;
			attributes = {
				BuildIndependentTargetsInParallel = 1;
				LastSwiftUpdateCheck = 1520;
				LastUpgradeCheck = 1520;
				TargetAttributes = {
					F04F8ADD2BFCB8480049A31B = {
						CreatedOnToolsVersion = 15.2;
					};
					F04F8AEE2BFCB84A0049A31B = {
						CreatedOnToolsVersion = 15.2;
						TestTargetID = F04F8ADD2BFCB8480049A31B;
					};
					F04F8AF82BFCB84A0049A31B = {
						CreatedOnToolsVersion = 15.2;
						TestTargetID = F04F8ADD2BFCB8480049A31B;
					};
				};
			};
			buildConfigurationList = F04F8AD92BFCB8480049A31B /* Build configuration list for PBXProject "Pokemon" */;
			compatibilityVersion = "Xcode 14.0";
			developmentRegion = en;
			hasScannedForEncodings = 0;
			knownRegions = (
				en,
				Base,
			);
			mainGroup = F04F8AD52BFCB8480049A31B;
			productRefGroup = F04F8ADF2BFCB8480049A31B /* Products */;
			projectDirPath = "";
			projectRoot = "";
			targets = (
				F04F8ADD2BFCB8480049A31B /* Pokemon */,
				F04F8AEE2BFCB84A0049A31B /* PokemonTests */,
				F04F8AF82BFCB84A0049A31B /* PokemonUITests */,
			);
		};
/* End PBXProject section */

/* Begin PBXResourcesBuildPhase section */
		F04F8ADC2BFCB8480049A31B /* Resources */ = {
			isa = PBXResourcesBuildPhase;
			buildActionMask = 2147483647;
			files = (
				F04F8AEA2BFCB84A0049A31B /* Preview Assets.xcassets in Resources */,
				F04F8AE62BFCB84A0049A31B /* Assets.xcassets in Resources */,
			);
			runOnlyForDeploymentPostprocessing = 0;
		};
		F04F8AED2BFCB84A0049A31B /* Resources */ = {
			isa = PBXResourcesBuildPhase;
			buildActionMask = 2147483647;
			files = (
			);
			runOnlyForDeploymentPostprocessing = 0;
		};
		F04F8AF72BFCB84A0049A31B /* Resources */ = {
			isa = PBXResourcesBuildPhase;
			buildActionMask = 2147483647;
			files = (
			);
			runOnlyForDeploymentPostprocessing = 0;
		};
/* End PBXResourcesBuildPhase section */

/* Begin PBXSourcesBuildPhase section */
		F04F8ADA2BFCB8480049A31B /* Sources */ = {
			isa = PBXSourcesBuildPhase;
			buildActionMask = 2147483647;
			files = (
				F04F8B102BFCC7AB0049A31B /* PokemonVM.swift in Sources */,
				F04F8AE42BFCB8480049A31B /* ContentView.swift in Sources */,
				F04F8AE22BFCB8480049A31B /* PokemonApp.swift in Sources */,
			);
			runOnlyForDeploymentPostprocessing = 0;
		};
		F04F8AEB2BFCB84A0049A31B /* Sources */ = {
			isa = PBXSourcesBuildPhase;
			buildActionMask = 2147483647;
			files = (
				F04F8B112BFCC7AB0049A31B /* PokemonVM.swift in Sources */,
				F04F8AF42BFCB84A0049A31B /* PokemonTests.swift in Sources */,
			);
			runOnlyForDeploymentPostprocessing = 0;
		};
		F04F8AF52BFCB84A0049A31B /* Sources */ = {
			isa = PBXSourcesBuildPhase;
			buildActionMask = 2147483647;
			files = (
				F04F8B122BFCC7AB0049A31B /* PokemonVM.swift in Sources */,
				F04F8B002BFCB84A0049A31B /* PokemonUITestsLaunchTests.swift in Sources */,
				F04F8AFE2BFCB84A0049A31B /* PokemonUITests.swift in Sources */,
			);
			runOnlyForDeploymentPostprocessing = 0;
		};
/* End PBXSourcesBuildPhase section */

/* Begin PBXTargetDependency section */
		F04F8AF12BFCB84A0049A31B /* PBXTargetDependency */ = {
			isa = PBXTargetDependency;
			target = F04F8ADD2BFCB8480049A31B /* Pokemon */;
			targetProxy = F04F8AF02BFCB84A0049A31B /* PBXContainerItemProxy */;
		};
		F04F8AFB2BFCB84A0049A31B /* PBXTargetDependency */ = {
			isa = PBXTargetDependency;
			target = F04F8ADD2BFCB8480049A31B /* Pokemon */;
			targetProxy = F04F8AFA2BFCB84A0049A31B /* PBXContainerItemProxy */;
		};
/* End PBXTargetDependency section */

/* Begin XCBuildConfiguration section */
		F04F8B012BFCB84A0049A31B /* Debug */ = {
			isa = XCBuildConfiguration;
			buildSettings = {
				ALWAYS_SEARCH_USER_PATHS = NO;
				ASSETCATALOG_COMPILER_GENERATE_SWIFT_ASSET_SYMBOL_EXTENSIONS = YES;
				CLANG_ANALYZER_NONNULL = YES;
				CLANG_ANALYZER_NUMBER_OBJECT_CONVERSION = YES_AGGRESSIVE;
				CLANG_CXX_LANGUAGE_STANDARD = "gnu++20";
				CLANG_ENABLE_MODULES = YES;
				CLANG_ENABLE_OBJC_ARC = YES;
				CLANG_ENABLE_OBJC_WEAK = YES;
				CLANG_WARN_BLOCK_CAPTURE_AUTORELEASING = YES;
				CLANG_WARN_BOOL_CONVERSION = YES;
				CLANG_WARN_COMMA = YES;
				CLANG_WARN_CONSTANT_CONVERSION = YES;
				CLANG_WARN_DEPRECATED_OBJC_IMPLEMENTATIONS = YES;
				CLANG_WARN_DIRECT_OBJC_ISA_USAGE = YES_ERROR;
				CLANG_WARN_DOCUMENTATION_COMMENTS = YES;
				CLANG_WARN_EMPTY_BODY = YES;
				CLANG_WARN_ENUM_CONVERSION = YES;
				CLANG_WARN_INFINITE_RECURSION = YES;
				CLANG_WARN_INT_CONVERSION = YES;
				CLANG_WARN_NON_LITERAL_NULL_CONVERSION = YES;
				CLANG_WARN_OBJC_IMPLICIT_RETAIN_SELF = YES;
				CLANG_WARN_OBJC_LITERAL_CONVERSION = YES;
				CLANG_WARN_OBJC_ROOT_CLASS = YES_ERROR;
				CLANG_WARN_QUOTED_INCLUDE_IN_FRAMEWORK_HEADER = YES;
				CLANG_WARN_RANGE_LOOP_ANALYSIS = YES;
				CLANG_WARN_STRICT_PROTOTYPES = YES;
				CLANG_WARN_SUSPICIOUS_MOVE = YES;
				CLANG_WARN_UNGUARDED_AVAILABILITY = YES_AGGRESSIVE;
				CLANG_WARN_UNREACHABLE_CODE = YES;
				CLANG_WARN__DUPLICATE_METHOD_MATCH = YES;
				COPY_PHASE_STRIP = NO;
				DEBUG_INFORMATION_FORMAT = dwarf;
				ENABLE_STRICT_OBJC_MSGSEND = YES;
				ENABLE_TESTABILITY = YES;
				ENABLE_USER_SCRIPT_SANDBOXING = YES;
				GCC_C_LANGUAGE_STANDARD = gnu17;
				GCC_DYNAMIC_NO_PIC = NO;
				GCC_NO_COMMON_BLOCKS = YES;
				GCC_OPTIMIZATION_LEVEL = 0;
				GCC_PREPROCESSOR_DEFINITIONS = (
					"DEBUG=1",
					"$(inherited)",
				);
				GCC_WARN_64_TO_32_BIT_CONVERSION = YES;
				GCC_WARN_ABOUT_RETURN_TYPE = YES_ERROR;
				GCC_WARN_UNDECLARED_SELECTOR = YES;
				GCC_WARN_UNINITIALIZED_AUTOS = YES_AGGRESSIVE;
				GCC_WARN_UNUSED_FUNCTION = YES;
				GCC_WARN_UNUSED_VARIABLE = YES;
				LOCALIZATION_PREFERS_STRING_CATALOGS = YES;
				MTL_ENABLE_DEBUG_INFO = INCLUDE_SOURCE;
				MTL_FAST_MATH = YES;
				ONLY_ACTIVE_ARCH = YES;
				SWIFT_ACTIVE_COMPILATION_CONDITIONS = "DEBUG $(inherited)";
				SWIFT_OPTIMIZATION_LEVEL = "-Onone";
			};
			name = Debug;
		};
		F04F8B022BFCB84A0049A31B /* Release */ = {
			isa = XCBuildConfiguration;
			buildSettings = {
				ALWAYS_SEARCH_USER_PATHS = NO;
				ASSETCATALOG_COMPILER_GENERATE_SWIFT_ASSET_SYMBOL_EXTENSIONS = YES;
				CLANG_ANALYZER_NONNULL = YES;
				CLANG_ANALYZER_NUMBER_OBJECT_CONVERSION = YES_AGGRESSIVE;
				CLANG_CXX_LANGUAGE_STANDARD = "gnu++20";
				CLANG_ENABLE_MODULES = YES;
				CLANG_ENABLE_OBJC_ARC = YES;
				CLANG_ENABLE_OBJC_WEAK = YES;
				CLANG_WARN_BLOCK_CAPTURE_AUTORELEASING = YES;
				CLANG_WARN_BOOL_CONVERSION = YES;
				CLANG_WARN_COMMA = YES;
				CLANG_WARN_CONSTANT_CONVERSION = YES;
				CLANG_WARN_DEPRECATED_OBJC_IMPLEMENTATIONS = YES;
				CLANG_WARN_DIRECT_OBJC_ISA_USAGE = YES_ERROR;
				CLANG_WARN_DOCUMENTATION_COMMENTS = YES;
				CLANG_WARN_EMPTY_BODY = YES;
				CLANG_WARN_ENUM_CONVERSION = YES;
				CLANG_WARN_INFINITE_RECURSION = YES;
				CLANG_WARN_INT_CONVERSION = YES;
				CLANG_WARN_NON_LITERAL_NULL_CONVERSION = YES;
				CLANG_WARN_OBJC_IMPLICIT_RETAIN_SELF = YES;
				CLANG_WARN_OBJC_LITERAL_CONVERSION = YES;
				CLANG_WARN_OBJC_ROOT_CLASS = YES_ERROR;
				CLANG_WARN_QUOTED_INCLUDE_IN_FRAMEWORK_HEADER = YES;
				CLANG_WARN_RANGE_LOOP_ANALYSIS = YES;
				CLANG_WARN_STRICT_PROTOTYPES = YES;
				CLANG_WARN_SUSPICIOUS_MOVE = YES;
				CLANG_WARN_UNGUARDED_AVAILABILITY = YES_AGGRESSIVE;
				CLANG_WARN_UNREACHABLE_CODE = YES;
				CLANG_WARN__DUPLICATE_METHOD_MATCH = YES;
				COPY_PHASE_STRIP = NO;
				DEBUG_INFORMATION_FORMAT = "dwarf-with-dsym";
				ENABLE_NS_ASSERTIONS = NO;
				ENABLE_STRICT_OBJC_MSGSEND = YES;
				ENABLE_USER_SCRIPT_SANDBOXING = YES;
				GCC_C_LANGUAGE_STANDARD = gnu17;
				GCC_NO_COMMON_BLOCKS = YES;
				GCC_WARN_64_TO_32_BIT_CONVERSION = YES;
				GCC_WARN_ABOUT_RETURN_TYPE = YES_ERROR;
				GCC_WARN_UNDECLARED_SELECTOR = YES;
				GCC_WARN_UNINITIALIZED_AUTOS = YES_AGGRESSIVE;
				GCC_WARN_UNUSED_FUNCTION = YES;
				GCC_WARN_UNUSED_VARIABLE = YES;
				LOCALIZATION_PREFERS_STRING_CATALOGS = YES;
				MTL_ENABLE_DEBUG_INFO = NO;
				MTL_FAST_MATH = YES;
				SWIFT_COMPILATION_MODE = wholemodule;
			};
			name = Release;
		};
		F04F8B042BFCB84A0049A31B /* Debug */ = {
			isa = XCBuildConfiguration;
			buildSettings = {
				ASSETCATALOG_COMPILER_APPICON_NAME = AppIcon;
				ASSETCATALOG_COMPILER_GLOBAL_ACCENT_COLOR_NAME = AccentColor;
				CODE_SIGN_ENTITLEMENTS = Pokemon/Pokemon.entitlements;
				CODE_SIGN_STYLE = Automatic;
				CURRENT_PROJECT_VERSION = 1;
				DEVELOPMENT_ASSET_PATHS = "\"Pokemon/Preview Content\"";
				DEVELOPMENT_TEAM = FYTFXRKPAP;
				ENABLE_HARDENED_RUNTIME = YES;
				ENABLE_PREVIEWS = YES;
				GENERATE_INFOPLIST_FILE = YES;
				"INFOPLIST_KEY_UIApplicationSceneManifest_Generation[sdk=iphoneos*]" = YES;
				"INFOPLIST_KEY_UIApplicationSceneManifest_Generation[sdk=iphonesimulator*]" = YES;
				"INFOPLIST_KEY_UIApplicationSupportsIndirectInputEvents[sdk=iphoneos*]" = YES;
				"INFOPLIST_KEY_UIApplicationSupportsIndirectInputEvents[sdk=iphonesimulator*]" = YES;
				"INFOPLIST_KEY_UILaunchScreen_Generation[sdk=iphoneos*]" = YES;
				"INFOPLIST_KEY_UILaunchScreen_Generation[sdk=iphonesimulator*]" = YES;
				"INFOPLIST_KEY_UIStatusBarStyle[sdk=iphoneos*]" = UIStatusBarStyleDefault;
				"INFOPLIST_KEY_UIStatusBarStyle[sdk=iphonesimulator*]" = UIStatusBarStyleDefault;
				INFOPLIST_KEY_UISupportedInterfaceOrientations_iPad = "UIInterfaceOrientationPortrait UIInterfaceOrientationPortraitUpsideDown UIInterfaceOrientationLandscapeLeft UIInterfaceOrientationLandscapeRight";
				INFOPLIST_KEY_UISupportedInterfaceOrientations_iPhone = "UIInterfaceOrientationPortrait UIInterfaceOrientationLandscapeLeft UIInterfaceOrientationLandscapeRight";
				IPHONEOS_DEPLOYMENT_TARGET = 17.2;
				LD_RUNPATH_SEARCH_PATHS = "@executable_path/Frameworks";
				"LD_RUNPATH_SEARCH_PATHS[sdk=macosx*]" = "@executable_path/../Frameworks";
				MACOSX_DEPLOYMENT_TARGET = 14.2;
				MARKETING_VERSION = 1.0;
				PRODUCT_BUNDLE_IDENTIFIER = TMT.Pokemon;
				PRODUCT_NAME = "$(TARGET_NAME)";
				SDKROOT = auto;
				SUPPORTED_PLATFORMS = "iphoneos iphonesimulator macosx";
				SWIFT_EMIT_LOC_STRINGS = YES;
				SWIFT_VERSION = 5.0;
				TARGETED_DEVICE_FAMILY = "1,2";
			};
			name = Debug;
		};
		F04F8B052BFCB84A0049A31B /* Release */ = {
			isa = XCBuildConfiguration;
			buildSettings = {
				ASSETCATALOG_COMPILER_APPICON_NAME = AppIcon;
				ASSETCATALOG_COMPILER_GLOBAL_ACCENT_COLOR_NAME = AccentColor;
				CODE_SIGN_ENTITLEMENTS = Pokemon/Pokemon.entitlements;
				CODE_SIGN_STYLE = Automatic;
				CURRENT_PROJECT_VERSION = 1;
				DEVELOPMENT_ASSET_PATHS = "\"Pokemon/Preview Content\"";
				DEVELOPMENT_TEAM = FYTFXRKPAP;
				ENABLE_HARDENED_RUNTIME = YES;
				ENABLE_PREVIEWS = YES;
				GENERATE_INFOPLIST_FILE = YES;
				"INFOPLIST_KEY_UIApplicationSceneManifest_Generation[sdk=iphoneos*]" = YES;
				"INFOPLIST_KEY_UIApplicationSceneManifest_Generation[sdk=iphonesimulator*]" = YES;
				"INFOPLIST_KEY_UIApplicationSupportsIndirectInputEvents[sdk=iphoneos*]" = YES;
				"INFOPLIST_KEY_UIApplicationSupportsIndirectInputEvents[sdk=iphonesimulator*]" = YES;
				"INFOPLIST_KEY_UILaunchScreen_Generation[sdk=iphoneos*]" = YES;
				"INFOPLIST_KEY_UILaunchScreen_Generation[sdk=iphonesimulator*]" = YES;
				"INFOPLIST_KEY_UIStatusBarStyle[sdk=iphoneos*]" = UIStatusBarStyleDefault;
				"INFOPLIST_KEY_UIStatusBarStyle[sdk=iphonesimulator*]" = UIStatusBarStyleDefault;
				INFOPLIST_KEY_UISupportedInterfaceOrientations_iPad = "UIInterfaceOrientationPortrait UIInterfaceOrientationPortraitUpsideDown UIInterfaceOrientationLandscapeLeft UIInterfaceOrientationLandscapeRight";
				INFOPLIST_KEY_UISupportedInterfaceOrientations_iPhone = "UIInterfaceOrientationPortrait UIInterfaceOrientationLandscapeLeft UIInterfaceOrientationLandscapeRight";
				IPHONEOS_DEPLOYMENT_TARGET = 17.2;
				LD_RUNPATH_SEARCH_PATHS = "@executable_path/Frameworks";
				"LD_RUNPATH_SEARCH_PATHS[sdk=macosx*]" = "@executable_path/../Frameworks";
				MACOSX_DEPLOYMENT_TARGET = 14.2;
				MARKETING_VERSION = 1.0;
				PRODUCT_BUNDLE_IDENTIFIER = TMT.Pokemon;
				PRODUCT_NAME = "$(TARGET_NAME)";
				SDKROOT = auto;
				SUPPORTED_PLATFORMS = "iphoneos iphonesimulator macosx";
				SWIFT_EMIT_LOC_STRINGS = YES;
				SWIFT_VERSION = 5.0;
				TARGETED_DEVICE_FAMILY = "1,2";
			};
			name = Release;
		};
		F04F8B072BFCB84A0049A31B /* Debug */ = {
			isa = XCBuildConfiguration;
			buildSettings = {
				ALWAYS_EMBED_SWIFT_STANDARD_LIBRARIES = YES;
				BUNDLE_LOADER = "$(TEST_HOST)";
				CODE_SIGN_STYLE = Automatic;
				CURRENT_PROJECT_VERSION = 1;
				DEVELOPMENT_TEAM = FYTFXRKPAP;
				GENERATE_INFOPLIST_FILE = YES;
				IPHONEOS_DEPLOYMENT_TARGET = 17.2;
				MACOSX_DEPLOYMENT_TARGET = 14.2;
				MARKETING_VERSION = 1.0;
				PRODUCT_BUNDLE_IDENTIFIER = TMT.PokemonTests;
				PRODUCT_NAME = "$(TARGET_NAME)";
				SDKROOT = auto;
				SUPPORTED_PLATFORMS = "iphoneos iphonesimulator macosx";
				SWIFT_EMIT_LOC_STRINGS = NO;
				SWIFT_VERSION = 5.0;
				TARGETED_DEVICE_FAMILY = "1,2";
				TEST_HOST = "$(BUILT_PRODUCTS_DIR)/Pokemon.app/$(BUNDLE_EXECUTABLE_FOLDER_PATH)/Pokemon";
			};
			name = Debug;
		};
		F04F8B082BFCB84A0049A31B /* Release */ = {
			isa = XCBuildConfiguration;
			buildSettings = {
				ALWAYS_EMBED_SWIFT_STANDARD_LIBRARIES = YES;
				BUNDLE_LOADER = "$(TEST_HOST)";
				CODE_SIGN_STYLE = Automatic;
				CURRENT_PROJECT_VERSION = 1;
				DEVELOPMENT_TEAM = FYTFXRKPAP;
				GENERATE_INFOPLIST_FILE = YES;
				IPHONEOS_DEPLOYMENT_TARGET = 17.2;
				MACOSX_DEPLOYMENT_TARGET = 14.2;
				MARKETING_VERSION = 1.0;
				PRODUCT_BUNDLE_IDENTIFIER = TMT.PokemonTests;
				PRODUCT_NAME = "$(TARGET_NAME)";
				SDKROOT = auto;
				SUPPORTED_PLATFORMS = "iphoneos iphonesimulator macosx";
				SWIFT_EMIT_LOC_STRINGS = NO;
				SWIFT_VERSION = 5.0;
				TARGETED_DEVICE_FAMILY = "1,2";
				TEST_HOST = "$(BUILT_PRODUCTS_DIR)/Pokemon.app/$(BUNDLE_EXECUTABLE_FOLDER_PATH)/Pokemon";
			};
			name = Release;
		};
		F04F8B0A2BFCB84A0049A31B /* Debug */ = {
			isa = XCBuildConfiguration;
			buildSettings = {
				ALWAYS_EMBED_SWIFT_STANDARD_LIBRARIES = YES;
				CODE_SIGN_STYLE = Automatic;
				CURRENT_PROJECT_VERSION = 1;
				DEVELOPMENT_TEAM = FYTFXRKPAP;
				GENERATE_INFOPLIST_FILE = YES;
				IPHONEOS_DEPLOYMENT_TARGET = 17.2;
				MACOSX_DEPLOYMENT_TARGET = 14.2;
				MARKETING_VERSION = 1.0;
				PRODUCT_BUNDLE_IDENTIFIER = TMT.PokemonUITests;
				PRODUCT_NAME = "$(TARGET_NAME)";
				SDKROOT = auto;
				SUPPORTED_PLATFORMS = "iphoneos iphonesimulator macosx";
				SWIFT_EMIT_LOC_STRINGS = NO;
				SWIFT_VERSION = 5.0;
				TARGETED_DEVICE_FAMILY = "1,2";
				TEST_TARGET_NAME = Pokemon;
			};
			name = Debug;
		};
		F04F8B0B2BFCB84A0049A31B /* Release */ = {
			isa = XCBuildConfiguration;
			buildSettings = {
				ALWAYS_EMBED_SWIFT_STANDARD_LIBRARIES = YES;
				CODE_SIGN_STYLE = Automatic;
				CURRENT_PROJECT_VERSION = 1;
				DEVELOPMENT_TEAM = FYTFXRKPAP;
				GENERATE_INFOPLIST_FILE = YES;
				IPHONEOS_DEPLOYMENT_TARGET = 17.2;
				MACOSX_DEPLOYMENT_TARGET = 14.2;
				MARKETING_VERSION = 1.0;
				PRODUCT_BUNDLE_IDENTIFIER = TMT.PokemonUITests;
				PRODUCT_NAME = "$(TARGET_NAME)";
				SDKROOT = auto;
				SUPPORTED_PLATFORMS = "iphoneos iphonesimulator macosx";
				SWIFT_EMIT_LOC_STRINGS = NO;
				SWIFT_VERSION = 5.0;
				TARGETED_DEVICE_FAMILY = "1,2";
				TEST_TARGET_NAME = Pokemon;
			};
			name = Release;
		};
/* End XCBuildConfiguration section */

/* Begin XCConfigurationList section */
		F04F8AD92BFCB8480049A31B /* Build configuration list for PBXProject "Pokemon" */ = {
			isa = XCConfigurationList;
			buildConfigurations = (
				F04F8B012BFCB84A0049A31B /* Debug */,
				F04F8B022BFCB84A0049A31B /* Release */,
			);
			defaultConfigurationIsVisible = 0;
			defaultConfigurationName = Release;
		};
		F04F8B032BFCB84A0049A31B /* Build configuration list for PBXNativeTarget "Pokemon" */ = {
			isa = XCConfigurationList;
			buildConfigurations = (
				F04F8B042BFCB84A0049A31B /* Debug */,
				F04F8B052BFCB84A0049A31B /* Release */,
			);
			defaultConfigurationIsVisible = 0;
			defaultConfigurationName = Release;
		};
		F04F8B062BFCB84A0049A31B /* Build configuration list for PBXNativeTarget "PokemonTests" */ = {
			isa = XCConfigurationList;
			buildConfigurations = (
				F04F8B072BFCB84A0049A31B /* Debug */,
				F04F8B082BFCB84A0049A31B /* Release */,
			);
			defaultConfigurationIsVisible = 0;
			defaultConfigurationName = Release;
		};
		F04F8B092BFCB84A0049A31B /* Build configuration list for PBXNativeTarget "PokemonUITests" */ = {
			isa = XCConfigurationList;
			buildConfigurations = (
				F04F8B0A2BFCB84A0049A31B /* Debug */,
				F04F8B0B2BFCB84A0049A31B /* Release */,
			);
			defaultConfigurationIsVisible = 0;
			defaultConfigurationName = Release;
		};
/* End XCConfigurationList section */
	};
	rootObject = F04F8AD62BFCB8480049A31B /* Project object */;
}
